
Microsoft Visual Studio Solution File, Format Version 12.00
# Visual Studio Version 17
VisualStudioVersion = 17.13.35507.96 d17.13
MinimumVisualStudioVersion = 10.0.40219.1
Project("{FAE04EC0-301F-11D3-BF4B-00C04F79EFBC}") = "maui-compilation-test", "maui-compilation-test\maui-compilation-test.csproj", "{5ED03DCF-67F5-435D-B815-AFEA8AA26C9E}"
EndProject
Global
	GlobalSection(SolutionConfigurationPlatforms) = preSolution
		Debug|Any CPU = Debug|Any CPU
		Release|Any CPU = Release|Any CPU
	EndGlobalSection
	GlobalSection(ProjectConfigurationPlatforms) = postSolution
		{5ED03DCF-67F5-435D-B815-AFEA8AA26C9E}.Debug|Any CPU.ActiveCfg = Debug|Any CPU
		{5ED03DCF-67F5-435D-B815-AFEA8AA26C9E}.Debug|Any CPU.Build.0 = Debug|Any CPU
		{5ED03DCF-67F5-435D-B815-AFEA8AA26C9E}.Release|Any CPU.ActiveCfg = Release|Any CPU
		{5ED03DCF-67F5-435D-B815-AFEA8AA26C9E}.Release|Any CPU.Build.0 = Release|Any CPU
	EndGlobalSection
	GlobalSection(SolutionProperties) = preSolution
		HideSolutionNode = FALSE
	EndGlobalSection
	GlobalSection(ExtensibilityGlobals) = postSolution
		SolutionGuid = {A09ACB63-988B-4145-8C4F-739D04FFA05C}
	EndGlobalSection
EndGlobal
